// !$*UTF8*$!
{
	archiveVersion = 1;
	classes = {
	};
	objectVersion = 56;
	objects = {

/* Begin PBXBuildFile section */
		D013C409290EB9E800FC27DF /* UnsplashViewController.swift in Sources */ = {isa = PBXBuildFile; fileRef = D013C408290EB9E800FC27DF /* UnsplashViewController.swift */; };
		D013C40B290EB9F100FC27DF /* UnsplashView.swift in Sources */ = {isa = PBXBuildFile; fileRef = D013C40A290EB9F100FC27DF /* UnsplashView.swift */; };
		D013C40D290EBA8600FC27DF /* MainViewController.swift in Sources */ = {isa = PBXBuildFile; fileRef = D013C40C290EBA8600FC27DF /* MainViewController.swift */; };
		D013C411290EC54300FC27DF /* UnsplashViewModel.swift in Sources */ = {isa = PBXBuildFile; fileRef = D013C410290EC54300FC27DF /* UnsplashViewModel.swift */; };
		D013C414290EC56500FC27DF /* APIManager.swift in Sources */ = {isa = PBXBuildFile; fileRef = D013C413290EC56500FC27DF /* APIManager.swift */; };
		D013C416290EC59C00FC27DF /* .gitignore in Resources */ = {isa = PBXBuildFile; fileRef = D013C415290EC59C00FC27DF /* .gitignore */; };
		D013C418290EC5AC00FC27DF /* APIKeys.swift in Sources */ = {isa = PBXBuildFile; fileRef = D013C417290EC5AC00FC27DF /* APIKeys.swift */; };
		D013C41A290EC95C00FC27DF /* SearchPhoto.swift in Sources */ = {isa = PBXBuildFile; fileRef = D013C419290EC95C00FC27DF /* SearchPhoto.swift */; };
		D013C41C290ECEAD00FC27DF /* String+Extension.swift in Sources */ = {isa = PBXBuildFile; fileRef = D013C41B290ECEAD00FC27DF /* String+Extension.swift */; };
		D0258BCB290E6EF6007DC9F4 /* UIViewController+Extension.swift in Sources */ = {isa = PBXBuildFile; fileRef = D0258BCA290E6EF6007DC9F4 /* UIViewController+Extension.swift */; };
		D08696F1290FF19800F94703 /* RxAlamofire in Frameworks */ = {isa = PBXBuildFile; productRef = D08696F0290FF19800F94703 /* RxAlamofire */; };
		D0BE4856290C18E800409A5B /* Memo.swift in Sources */ = {isa = PBXBuildFile; fileRef = D0BE4855290C18E800409A5B /* Memo.swift */; };
		D0BE485E290C1E7700409A5B /* MemoViewModel.swift in Sources */ = {isa = PBXBuildFile; fileRef = D0BE485D290C1E7700409A5B /* MemoViewModel.swift */; };
		D0C64B6A290C03F500088322 /* AppDelegate.swift in Sources */ = {isa = PBXBuildFile; fileRef = D0C64B69290C03F500088322 /* AppDelegate.swift */; };
		D0C64B6C290C03F500088322 /* SceneDelegate.swift in Sources */ = {isa = PBXBuildFile; fileRef = D0C64B6B290C03F500088322 /* SceneDelegate.swift */; };
		D0C64B73290C03F500088322 /* Assets.xcassets in Resources */ = {isa = PBXBuildFile; fileRef = D0C64B72290C03F500088322 /* Assets.xcassets */; };
		D0C64B76290C03F500088322 /* LaunchScreen.storyboard in Resources */ = {isa = PBXBuildFile; fileRef = D0C64B74290C03F500088322 /* LaunchScreen.storyboard */; };
		D0C64B7F290C04A900088322 /* RxCocoa in Frameworks */ = {isa = PBXBuildFile; productRef = D0C64B7E290C04A900088322 /* RxCocoa */; };
		D0C64B81290C04A900088322 /* RxSwift in Frameworks */ = {isa = PBXBuildFile; productRef = D0C64B80290C04A900088322 /* RxSwift */; };
		D0C64B84290C04B600088322 /* Then in Frameworks */ = {isa = PBXBuildFile; productRef = D0C64B83290C04B600088322 /* Then */; };
		D0C64B87290C04C300088322 /* SnapKit in Frameworks */ = {isa = PBXBuildFile; productRef = D0C64B86290C04C300088322 /* SnapKit */; };
		D0C64B8F290C06F500088322 /* MemoListViewController.swift in Sources */ = {isa = PBXBuildFile; fileRef = D0C64B8E290C06F500088322 /* MemoListViewController.swift */; };
		D0C64B91290C095700088322 /* MemoListView.swift in Sources */ = {isa = PBXBuildFile; fileRef = D0C64B90290C095700088322 /* MemoListView.swift */; };
		D0C64B96290C09AE00088322 /* BaseViewController.swift in Sources */ = {isa = PBXBuildFile; fileRef = D0C64B95290C09AE00088322 /* BaseViewController.swift */; };
		D0C64B98290C09E900088322 /* BaseView.swift in Sources */ = {isa = PBXBuildFile; fileRef = D0C64B97290C09E900088322 /* BaseView.swift */; };
		D0C64B9B290C166B00088322 /* UICollectionViewLayout+Extension.swift in Sources */ = {isa = PBXBuildFile; fileRef = D0C64B9A290C166B00088322 /* UICollectionViewLayout+Extension.swift */; };
		D0C7DE5E290D16DE00DF823A /* Realm in Frameworks */ = {isa = PBXBuildFile; productRef = D0C7DE5D290D16DE00DF823A /* Realm */; };
		D0C7DE60290D16DE00DF823A /* RealmSwift in Frameworks */ = {isa = PBXBuildFile; productRef = D0C7DE5F290D16DE00DF823A /* RealmSwift */; };
		D0C7DE65290D225000DF823A /* WriteMemoViewController.swift in Sources */ = {isa = PBXBuildFile; fileRef = D0C7DE64290D225000DF823A /* WriteMemoViewController.swift */; };
		D0C7DE67290D22A600DF823A /* WriteMemoView.swift in Sources */ = {isa = PBXBuildFile; fileRef = D0C7DE66290D22A600DF823A /* WriteMemoView.swift */; };
		D0F84C102910F07900896073 /* Differentiator in Frameworks */ = {isa = PBXBuildFile; productRef = D0F84C0F2910F07900896073 /* Differentiator */; };
		D0F84C122910F07900896073 /* RxDataSources in Frameworks */ = {isa = PBXBuildFile; productRef = D0F84C112910F07900896073 /* RxDataSources */; };
		D0F84C142910F6E900896073 /* SectionOfCustomData.swift in Sources */ = {isa = PBXBuildFile; fileRef = D0F84C132910F6E900896073 /* SectionOfCustomData.swift */; };
/* End PBXBuildFile section */

/* Begin PBXFileReference section */
		D013C408290EB9E800FC27DF /* UnsplashViewController.swift */ = {isa = PBXFileReference; lastKnownFileType = sourcecode.swift; path = UnsplashViewController.swift; sourceTree = "<group>"; };
		D013C40A290EB9F100FC27DF /* UnsplashView.swift */ = {isa = PBXFileReference; lastKnownFileType = sourcecode.swift; path = UnsplashView.swift; sourceTree = "<group>"; };
		D013C40C290EBA8600FC27DF /* MainViewController.swift */ = {isa = PBXFileReference; lastKnownFileType = sourcecode.swift; path = MainViewController.swift; sourceTree = "<group>"; };
		D013C410290EC54300FC27DF /* UnsplashViewModel.swift */ = {isa = PBXFileReference; lastKnownFileType = sourcecode.swift; path = UnsplashViewModel.swift; sourceTree = "<group>"; };
		D013C413290EC56500FC27DF /* APIManager.swift */ = {isa = PBXFileReference; lastKnownFileType = sourcecode.swift; path = APIManager.swift; sourceTree = "<group>"; };
		D013C415290EC59C00FC27DF /* .gitignore */ = {isa = PBXFileReference; lastKnownFileType = text; path = .gitignore; sourceTree = "<group>"; };
		D013C417290EC5AC00FC27DF /* APIKeys.swift */ = {isa = PBXFileReference; lastKnownFileType = sourcecode.swift; path = APIKeys.swift; sourceTree = "<group>"; };
		D013C419290EC95C00FC27DF /* SearchPhoto.swift */ = {isa = PBXFileReference; lastKnownFileType = sourcecode.swift; path = SearchPhoto.swift; sourceTree = "<group>"; };
		D013C41B290ECEAD00FC27DF /* String+Extension.swift */ = {isa = PBXFileReference; lastKnownFileType = sourcecode.swift; path = "String+Extension.swift"; sourceTree = "<group>"; };
		D0258BCA290E6EF6007DC9F4 /* UIViewController+Extension.swift */ = {isa = PBXFileReference; lastKnownFileType = sourcecode.swift; path = "UIViewController+Extension.swift"; sourceTree = "<group>"; };
		D0BE4855290C18E800409A5B /* Memo.swift */ = {isa = PBXFileReference; lastKnownFileType = sourcecode.swift; path = Memo.swift; sourceTree = "<group>"; };
		D0BE485D290C1E7700409A5B /* MemoViewModel.swift */ = {isa = PBXFileReference; lastKnownFileType = sourcecode.swift; path = MemoViewModel.swift; sourceTree = "<group>"; };
		D0C64B66290C03F500088322 /* RXSwiftPractice.app */ = {isa = PBXFileReference; explicitFileType = wrapper.application; includeInIndex = 0; path = RXSwiftPractice.app; sourceTree = BUILT_PRODUCTS_DIR; };
		D0C64B69290C03F500088322 /* AppDelegate.swift */ = {isa = PBXFileReference; lastKnownFileType = sourcecode.swift; path = AppDelegate.swift; sourceTree = "<group>"; };
		D0C64B6B290C03F500088322 /* SceneDelegate.swift */ = {isa = PBXFileReference; lastKnownFileType = sourcecode.swift; path = SceneDelegate.swift; sourceTree = "<group>"; };
		D0C64B72290C03F500088322 /* Assets.xcassets */ = {isa = PBXFileReference; lastKnownFileType = folder.assetcatalog; path = Assets.xcassets; sourceTree = "<group>"; };
		D0C64B75290C03F500088322 /* Base */ = {isa = PBXFileReference; lastKnownFileType = file.storyboard; name = Base; path = Base.lproj/LaunchScreen.storyboard; sourceTree = "<group>"; };
		D0C64B77290C03F500088322 /* Info.plist */ = {isa = PBXFileReference; lastKnownFileType = text.plist.xml; path = Info.plist; sourceTree = "<group>"; };
		D0C64B8E290C06F500088322 /* MemoListViewController.swift */ = {isa = PBXFileReference; lastKnownFileType = sourcecode.swift; path = MemoListViewController.swift; sourceTree = "<group>"; };
		D0C64B90290C095700088322 /* MemoListView.swift */ = {isa = PBXFileReference; lastKnownFileType = sourcecode.swift; path = MemoListView.swift; sourceTree = "<group>"; };
		D0C64B95290C09AE00088322 /* BaseViewController.swift */ = {isa = PBXFileReference; lastKnownFileType = sourcecode.swift; path = BaseViewController.swift; sourceTree = "<group>"; };
		D0C64B97290C09E900088322 /* BaseView.swift */ = {isa = PBXFileReference; lastKnownFileType = sourcecode.swift; path = BaseView.swift; sourceTree = "<group>"; };
		D0C64B9A290C166B00088322 /* UICollectionViewLayout+Extension.swift */ = {isa = PBXFileReference; lastKnownFileType = sourcecode.swift; path = "UICollectionViewLayout+Extension.swift"; sourceTree = "<group>"; };
		D0C7DE64290D225000DF823A /* WriteMemoViewController.swift */ = {isa = PBXFileReference; lastKnownFileType = sourcecode.swift; path = WriteMemoViewController.swift; sourceTree = "<group>"; };
		D0C7DE66290D22A600DF823A /* WriteMemoView.swift */ = {isa = PBXFileReference; lastKnownFileType = sourcecode.swift; path = WriteMemoView.swift; sourceTree = "<group>"; };
		D0F84C132910F6E900896073 /* SectionOfCustomData.swift */ = {isa = PBXFileReference; lastKnownFileType = sourcecode.swift; path = SectionOfCustomData.swift; sourceTree = "<group>"; };
/* End PBXFileReference section */

/* Begin PBXFrameworksBuildPhase section */
		D0C64B63290C03F500088322 /* Frameworks */ = {
			isa = PBXFrameworksBuildPhase;
			buildActionMask = 2147483647;
			files = (
				D0C7DE5E290D16DE00DF823A /* Realm in Frameworks */,
				D0C7DE60290D16DE00DF823A /* RealmSwift in Frameworks */,
				D0C64B81290C04A900088322 /* RxSwift in Frameworks */,
				D0C64B87290C04C300088322 /* SnapKit in Frameworks */,
				D0F84C102910F07900896073 /* Differentiator in Frameworks */,
				D0C64B84290C04B600088322 /* Then in Frameworks */,
				D0F84C122910F07900896073 /* RxDataSources in Frameworks */,
				D08696F1290FF19800F94703 /* RxAlamofire in Frameworks */,
				D0C64B7F290C04A900088322 /* RxCocoa in Frameworks */,
			);
			runOnlyForDeploymentPostprocessing = 0;
		};
/* End PBXFrameworksBuildPhase section */

/* Begin PBXGroup section */
		D013C412290EC55400FC27DF /* Manager */ = {
			isa = PBXGroup;
			children = (
				D013C413290EC56500FC27DF /* APIManager.swift */,
			);
			path = Manager;
			sourceTree = "<group>";
		};
		D0C64B5D290C03F500088322 = {
			isa = PBXGroup;
			children = (
				D0C64B68290C03F500088322 /* RXSwiftPractice */,
				D0C64B67290C03F500088322 /* Products */,
			);
			sourceTree = "<group>";
		};
		D0C64B67290C03F500088322 /* Products */ = {
			isa = PBXGroup;
			children = (
				D0C64B66290C03F500088322 /* RXSwiftPractice.app */,
			);
			name = Products;
			sourceTree = "<group>";
		};
		D0C64B68290C03F500088322 /* RXSwiftPractice */ = {
			isa = PBXGroup;
			children = (
				D0C64B8A290C05EF00088322 /* App */,
				D0C64B93290C099A00088322 /* Database */,
				D0C64B92290C098600088322 /* Utility */,
				D013C412290EC55400FC27DF /* Manager */,
				D0C64B8B290C06C200088322 /* View */,
				D0C64B72290C03F500088322 /* Assets.xcassets */,
				D0C64B74290C03F500088322 /* LaunchScreen.storyboard */,
				D0C64B77290C03F500088322 /* Info.plist */,
				D013C417290EC5AC00FC27DF /* APIKeys.swift */,
				D013C415290EC59C00FC27DF /* .gitignore */,
			);
			path = RXSwiftPractice;
			sourceTree = "<group>";
		};
		D0C64B8A290C05EF00088322 /* App */ = {
			isa = PBXGroup;
			children = (
				D0C64B69290C03F500088322 /* AppDelegate.swift */,
				D0C64B6B290C03F500088322 /* SceneDelegate.swift */,
			);
			path = App;
			sourceTree = "<group>";
		};
		D0C64B8B290C06C200088322 /* View */ = {
			isa = PBXGroup;
			children = (
				D013C40C290EBA8600FC27DF /* MainViewController.swift */,
				D0C64B8C290C06C800088322 /* Memo */,
				D0C64B8D290C06D200088322 /* Unsplash */,
			);
			path = View;
			sourceTree = "<group>";
		};
		D0C64B8C290C06C800088322 /* Memo */ = {
			isa = PBXGroup;
			children = (
				D0BE485D290C1E7700409A5B /* MemoViewModel.swift */,
				D0C7DE61290D219C00DF823A /* List */,
				D0C7DE63290D223500DF823A /* Write */,
			);
			path = Memo;
			sourceTree = "<group>";
		};
		D0C64B8D290C06D200088322 /* Unsplash */ = {
			isa = PBXGroup;
			children = (
				D013C408290EB9E800FC27DF /* UnsplashViewController.swift */,
				D013C40A290EB9F100FC27DF /* UnsplashView.swift */,
				D013C410290EC54300FC27DF /* UnsplashViewModel.swift */,
				D0F84C152911009700896073 /* DataModel */,
			);
			path = Unsplash;
			sourceTree = "<group>";
		};
		D0C64B92290C098600088322 /* Utility */ = {
			isa = PBXGroup;
			children = (
				D0C64B94290C09A700088322 /* Base */,
				D0C64B99290C165B00088322 /* Extension */,
			);
			path = Utility;
			sourceTree = "<group>";
		};
		D0C64B93290C099A00088322 /* Database */ = {
			isa = PBXGroup;
			children = (
				D0BE4855290C18E800409A5B /* Memo.swift */,
			);
			path = Database;
			sourceTree = "<group>";
		};
		D0C64B94290C09A700088322 /* Base */ = {
			isa = PBXGroup;
			children = (
				D0C64B95290C09AE00088322 /* BaseViewController.swift */,
				D0C64B97290C09E900088322 /* BaseView.swift */,
			);
			path = Base;
			sourceTree = "<group>";
		};
		D0C64B99290C165B00088322 /* Extension */ = {
			isa = PBXGroup;
			children = (
				D0C64B9A290C166B00088322 /* UICollectionViewLayout+Extension.swift */,
				D0258BCA290E6EF6007DC9F4 /* UIViewController+Extension.swift */,
				D013C41B290ECEAD00FC27DF /* String+Extension.swift */,
			);
			path = Extension;
			sourceTree = "<group>";
		};
		D0C7DE61290D219C00DF823A /* List */ = {
			isa = PBXGroup;
			children = (
				D0C64B8E290C06F500088322 /* MemoListViewController.swift */,
				D0C64B90290C095700088322 /* MemoListView.swift */,
			);
			path = List;
			sourceTree = "<group>";
		};
		D0C7DE63290D223500DF823A /* Write */ = {
			isa = PBXGroup;
			children = (
				D0C7DE64290D225000DF823A /* WriteMemoViewController.swift */,
				D0C7DE66290D22A600DF823A /* WriteMemoView.swift */,
			);
			path = Write;
			sourceTree = "<group>";
		};
		D0F84C152911009700896073 /* DataModel */ = {
			isa = PBXGroup;
			children = (
				D0F84C132910F6E900896073 /* SectionOfCustomData.swift */,
				D013C419290EC95C00FC27DF /* SearchPhoto.swift */,
			);
			path = DataModel;
			sourceTree = "<group>";
		};
/* End PBXGroup section */

/* Begin PBXNativeTarget section */
		D0C64B65290C03F500088322 /* RXSwiftPractice */ = {
			isa = PBXNativeTarget;
			buildConfigurationList = D0C64B7A290C03F500088322 /* Build configuration list for PBXNativeTarget "RXSwiftPractice" */;
			buildPhases = (
				D0C64B62290C03F500088322 /* Sources */,
				D0C64B63290C03F500088322 /* Frameworks */,
				D0C64B64290C03F500088322 /* Resources */,
			);
			buildRules = (
			);
			dependencies = (
			);
			name = RXSwiftPractice;
			packageProductDependencies = (
				D0C64B7E290C04A900088322 /* RxCocoa */,
				D0C64B80290C04A900088322 /* RxSwift */,
				D0C64B83290C04B600088322 /* Then */,
				D0C64B86290C04C300088322 /* SnapKit */,
				D0C7DE5D290D16DE00DF823A /* Realm */,
				D0C7DE5F290D16DE00DF823A /* RealmSwift */,
				D08696F0290FF19800F94703 /* RxAlamofire */,
				D0F84C0F2910F07900896073 /* Differentiator */,
				D0F84C112910F07900896073 /* RxDataSources */,
			);
			productName = RXSwiftPractice;
			productReference = D0C64B66290C03F500088322 /* RXSwiftPractice.app */;
			productType = "com.apple.product-type.application";
		};
/* End PBXNativeTarget section */

/* Begin PBXProject section */
		D0C64B5E290C03F500088322 /* Project object */ = {
			isa = PBXProject;
			attributes = {
				BuildIndependentTargetsInParallel = 1;
				LastSwiftUpdateCheck = 1400;
				LastUpgradeCheck = 1400;
				TargetAttributes = {
					D0C64B65290C03F500088322 = {
						CreatedOnToolsVersion = 14.0.1;
					};
				};
			};
			buildConfigurationList = D0C64B61290C03F500088322 /* Build configuration list for PBXProject "RXSwiftPractice" */;
			compatibilityVersion = "Xcode 14.0";
			developmentRegion = en;
			hasScannedForEncodings = 0;
			knownRegions = (
				en,
				Base,
			);
			mainGroup = D0C64B5D290C03F500088322;
			packageReferences = (
				D0C64B7D290C04A900088322 /* XCRemoteSwiftPackageReference "RxSwift" */,
				D0C64B82290C04B600088322 /* XCRemoteSwiftPackageReference "Then" */,
				D0C64B85290C04C300088322 /* XCRemoteSwiftPackageReference "SnapKit" */,
				D0C7DE5C290D16DE00DF823A /* XCRemoteSwiftPackageReference "realm-swift" */,
				D08696EF290FF19800F94703 /* XCRemoteSwiftPackageReference "RxAlamofire" */,
				D0F84C0E2910F07900896073 /* XCRemoteSwiftPackageReference "RxDataSources" */,
			);
			productRefGroup = D0C64B67290C03F500088322 /* Products */;
			projectDirPath = "";
			projectRoot = "";
			targets = (
				D0C64B65290C03F500088322 /* RXSwiftPractice */,
			);
		};
/* End PBXProject section */

/* Begin PBXResourcesBuildPhase section */
		D0C64B64290C03F500088322 /* Resources */ = {
			isa = PBXResourcesBuildPhase;
			buildActionMask = 2147483647;
			files = (
				D0C64B76290C03F500088322 /* LaunchScreen.storyboard in Resources */,
				D013C416290EC59C00FC27DF /* .gitignore in Resources */,
				D0C64B73290C03F500088322 /* Assets.xcassets in Resources */,
			);
			runOnlyForDeploymentPostprocessing = 0;
		};
/* End PBXResourcesBuildPhase section */

/* Begin PBXSourcesBuildPhase section */
		D0C64B62290C03F500088322 /* Sources */ = {
			isa = PBXSourcesBuildPhase;
			buildActionMask = 2147483647;
			files = (
				D013C41A290EC95C00FC27DF /* SearchPhoto.swift in Sources */,
				D0258BCB290E6EF6007DC9F4 /* UIViewController+Extension.swift in Sources */,
				D0C7DE65290D225000DF823A /* WriteMemoViewController.swift in Sources */,
				D013C409290EB9E800FC27DF /* UnsplashViewController.swift in Sources */,
				D0C64B96290C09AE00088322 /* BaseViewController.swift in Sources */,
				D013C40B290EB9F100FC27DF /* UnsplashView.swift in Sources */,
				D0C64B6A290C03F500088322 /* AppDelegate.swift in Sources */,
				D0C64B6C290C03F500088322 /* SceneDelegate.swift in Sources */,
				D013C41C290ECEAD00FC27DF /* String+Extension.swift in Sources */,
				D0BE4856290C18E800409A5B /* Memo.swift in Sources */,
				D0C64B9B290C166B00088322 /* UICollectionViewLayout+Extension.swift in Sources */,
				D013C40D290EBA8600FC27DF /* MainViewController.swift in Sources */,
				D0F84C142910F6E900896073 /* SectionOfCustomData.swift in Sources */,
				D0C64B98290C09E900088322 /* BaseView.swift in Sources */,
				D0C64B91290C095700088322 /* MemoListView.swift in Sources */,
				D013C418290EC5AC00FC27DF /* APIKeys.swift in Sources */,
				D013C414290EC56500FC27DF /* APIManager.swift in Sources */,
				D013C411290EC54300FC27DF /* UnsplashViewModel.swift in Sources */,
				D0C7DE67290D22A600DF823A /* WriteMemoView.swift in Sources */,
				D0C64B8F290C06F500088322 /* MemoListViewController.swift in Sources */,
				D0BE485E290C1E7700409A5B /* MemoViewModel.swift in Sources */,
			);
			runOnlyForDeploymentPostprocessing = 0;
		};
/* End PBXSourcesBuildPhase section */

/* Begin PBXVariantGroup section */
		D0C64B74290C03F500088322 /* LaunchScreen.storyboard */ = {
			isa = PBXVariantGroup;
			children = (
				D0C64B75290C03F500088322 /* Base */,
			);
			name = LaunchScreen.storyboard;
			sourceTree = "<group>";
		};
/* End PBXVariantGroup section */

/* Begin XCBuildConfiguration section */
		D0C64B78290C03F500088322 /* Debug */ = {
			isa = XCBuildConfiguration;
			buildSettings = {
				ALWAYS_SEARCH_USER_PATHS = NO;
				CLANG_ANALYZER_NONNULL = YES;
				CLANG_ANALYZER_NUMBER_OBJECT_CONVERSION = YES_AGGRESSIVE;
				CLANG_CXX_LANGUAGE_STANDARD = "gnu++20";
				CLANG_ENABLE_MODULES = YES;
				CLANG_ENABLE_OBJC_ARC = YES;
				CLANG_ENABLE_OBJC_WEAK = YES;
				CLANG_WARN_BLOCK_CAPTURE_AUTORELEASING = YES;
				CLANG_WARN_BOOL_CONVERSION = YES;
				CLANG_WARN_COMMA = YES;
				CLANG_WARN_CONSTANT_CONVERSION = YES;
				CLANG_WARN_DEPRECATED_OBJC_IMPLEMENTATIONS = YES;
				CLANG_WARN_DIRECT_OBJC_ISA_USAGE = YES_ERROR;
				CLANG_WARN_DOCUMENTATION_COMMENTS = YES;
				CLANG_WARN_EMPTY_BODY = YES;
				CLANG_WARN_ENUM_CONVERSION = YES;
				CLANG_WARN_INFINITE_RECURSION = YES;
				CLANG_WARN_INT_CONVERSION = YES;
				CLANG_WARN_NON_LITERAL_NULL_CONVERSION = YES;
				CLANG_WARN_OBJC_IMPLICIT_RETAIN_SELF = YES;
				CLANG_WARN_OBJC_LITERAL_CONVERSION = YES;
				CLANG_WARN_OBJC_ROOT_CLASS = YES_ERROR;
				CLANG_WARN_QUOTED_INCLUDE_IN_FRAMEWORK_HEADER = YES;
				CLANG_WARN_RANGE_LOOP_ANALYSIS = YES;
				CLANG_WARN_STRICT_PROTOTYPES = YES;
				CLANG_WARN_SUSPICIOUS_MOVE = YES;
				CLANG_WARN_UNGUARDED_AVAILABILITY = YES_AGGRESSIVE;
				CLANG_WARN_UNREACHABLE_CODE = YES;
				CLANG_WARN__DUPLICATE_METHOD_MATCH = YES;
				COPY_PHASE_STRIP = NO;
				DEBUG_INFORMATION_FORMAT = dwarf;
				ENABLE_STRICT_OBJC_MSGSEND = YES;
				ENABLE_TESTABILITY = YES;
				GCC_C_LANGUAGE_STANDARD = gnu11;
				GCC_DYNAMIC_NO_PIC = NO;
				GCC_NO_COMMON_BLOCKS = YES;
				GCC_OPTIMIZATION_LEVEL = 0;
				GCC_PREPROCESSOR_DEFINITIONS = (
					"DEBUG=1",
					"$(inherited)",
				);
				GCC_WARN_64_TO_32_BIT_CONVERSION = YES;
				GCC_WARN_ABOUT_RETURN_TYPE = YES_ERROR;
				GCC_WARN_UNDECLARED_SELECTOR = YES;
				GCC_WARN_UNINITIALIZED_AUTOS = YES_AGGRESSIVE;
				GCC_WARN_UNUSED_FUNCTION = YES;
				GCC_WARN_UNUSED_VARIABLE = YES;
				IPHONEOS_DEPLOYMENT_TARGET = 15.0;
				MTL_ENABLE_DEBUG_INFO = INCLUDE_SOURCE;
				MTL_FAST_MATH = YES;
				ONLY_ACTIVE_ARCH = YES;
				SDKROOT = iphoneos;
				SWIFT_ACTIVE_COMPILATION_CONDITIONS = DEBUG;
				SWIFT_OPTIMIZATION_LEVEL = "-Onone";
			};
			name = Debug;
		};
		D0C64B79290C03F500088322 /* Release */ = {
			isa = XCBuildConfiguration;
			buildSettings = {
				ALWAYS_SEARCH_USER_PATHS = NO;
				CLANG_ANALYZER_NONNULL = YES;
				CLANG_ANALYZER_NUMBER_OBJECT_CONVERSION = YES_AGGRESSIVE;
				CLANG_CXX_LANGUAGE_STANDARD = "gnu++20";
				CLANG_ENABLE_MODULES = YES;
				CLANG_ENABLE_OBJC_ARC = YES;
				CLANG_ENABLE_OBJC_WEAK = YES;
				CLANG_WARN_BLOCK_CAPTURE_AUTORELEASING = YES;
				CLANG_WARN_BOOL_CONVERSION = YES;
				CLANG_WARN_COMMA = YES;
				CLANG_WARN_CONSTANT_CONVERSION = YES;
				CLANG_WARN_DEPRECATED_OBJC_IMPLEMENTATIONS = YES;
				CLANG_WARN_DIRECT_OBJC_ISA_USAGE = YES_ERROR;
				CLANG_WARN_DOCUMENTATION_COMMENTS = YES;
				CLANG_WARN_EMPTY_BODY = YES;
				CLANG_WARN_ENUM_CONVERSION = YES;
				CLANG_WARN_INFINITE_RECURSION = YES;
				CLANG_WARN_INT_CONVERSION = YES;
				CLANG_WARN_NON_LITERAL_NULL_CONVERSION = YES;
				CLANG_WARN_OBJC_IMPLICIT_RETAIN_SELF = YES;
				CLANG_WARN_OBJC_LITERAL_CONVERSION = YES;
				CLANG_WARN_OBJC_ROOT_CLASS = YES_ERROR;
				CLANG_WARN_QUOTED_INCLUDE_IN_FRAMEWORK_HEADER = YES;
				CLANG_WARN_RANGE_LOOP_ANALYSIS = YES;
				CLANG_WARN_STRICT_PROTOTYPES = YES;
				CLANG_WARN_SUSPICIOUS_MOVE = YES;
				CLANG_WARN_UNGUARDED_AVAILABILITY = YES_AGGRESSIVE;
				CLANG_WARN_UNREACHABLE_CODE = YES;
				CLANG_WARN__DUPLICATE_METHOD_MATCH = YES;
				COPY_PHASE_STRIP = NO;
				DEBUG_INFORMATION_FORMAT = "dwarf-with-dsym";
				ENABLE_NS_ASSERTIONS = NO;
				ENABLE_STRICT_OBJC_MSGSEND = YES;
				GCC_C_LANGUAGE_STANDARD = gnu11;
				GCC_NO_COMMON_BLOCKS = YES;
				GCC_WARN_64_TO_32_BIT_CONVERSION = YES;
				GCC_WARN_ABOUT_RETURN_TYPE = YES_ERROR;
				GCC_WARN_UNDECLARED_SELECTOR = YES;
				GCC_WARN_UNINITIALIZED_AUTOS = YES_AGGRESSIVE;
				GCC_WARN_UNUSED_FUNCTION = YES;
				GCC_WARN_UNUSED_VARIABLE = YES;
				IPHONEOS_DEPLOYMENT_TARGET = 15.0;
				MTL_ENABLE_DEBUG_INFO = NO;
				MTL_FAST_MATH = YES;
				SDKROOT = iphoneos;
				SWIFT_COMPILATION_MODE = wholemodule;
				SWIFT_OPTIMIZATION_LEVEL = "-O";
				VALIDATE_PRODUCT = YES;
			};
			name = Release;
		};
		D0C64B7B290C03F500088322 /* Debug */ = {
			isa = XCBuildConfiguration;
			buildSettings = {
				ASSETCATALOG_COMPILER_APPICON_NAME = AppIcon;
				ASSETCATALOG_COMPILER_GLOBAL_ACCENT_COLOR_NAME = AccentColor;
				CODE_SIGN_STYLE = Automatic;
				CURRENT_PROJECT_VERSION = 1;
				DEVELOPMENT_TEAM = PW2RLJT734;
				GENERATE_INFOPLIST_FILE = YES;
				INFOPLIST_FILE = RXSwiftPractice/Info.plist;
				INFOPLIST_KEY_UIApplicationSupportsIndirectInputEvents = YES;
				INFOPLIST_KEY_UILaunchStoryboardName = LaunchScreen;
				INFOPLIST_KEY_UIMainStoryboardFile = "";
				INFOPLIST_KEY_UISupportedInterfaceOrientations = UIInterfaceOrientationPortrait;
				INFOPLIST_KEY_UISupportedInterfaceOrientations_iPad = "UIInterfaceOrientationLandscapeLeft UIInterfaceOrientationLandscapeRight UIInterfaceOrientationPortrait UIInterfaceOrientationPortraitUpsideDown";
				LD_RUNPATH_SEARCH_PATHS = (
					"$(inherited)",
					"@executable_path/Frameworks",
				);
				MARKETING_VERSION = 1.0;
				PRODUCT_BUNDLE_IDENTIFIER = com.DongHee.RXSwiftPractice;
				PRODUCT_NAME = "$(TARGET_NAME)";
				SWIFT_EMIT_LOC_STRINGS = YES;
				SWIFT_VERSION = 5.0;
				TARGETED_DEVICE_FAMILY = 1;
			};
			name = Debug;
		};
		D0C64B7C290C03F500088322 /* Release */ = {
			isa = XCBuildConfiguration;
			buildSettings = {
				ASSETCATALOG_COMPILER_APPICON_NAME = AppIcon;
				ASSETCATALOG_COMPILER_GLOBAL_ACCENT_COLOR_NAME = AccentColor;
				CODE_SIGN_STYLE = Automatic;
				CURRENT_PROJECT_VERSION = 1;
				DEVELOPMENT_TEAM = PW2RLJT734;
				GENERATE_INFOPLIST_FILE = YES;
				INFOPLIST_FILE = RXSwiftPractice/Info.plist;
				INFOPLIST_KEY_UIApplicationSupportsIndirectInputEvents = YES;
				INFOPLIST_KEY_UILaunchStoryboardName = LaunchScreen;
				INFOPLIST_KEY_UIMainStoryboardFile = "";
				INFOPLIST_KEY_UISupportedInterfaceOrientations = UIInterfaceOrientationPortrait;
				INFOPLIST_KEY_UISupportedInterfaceOrientations_iPad = "UIInterfaceOrientationLandscapeLeft UIInterfaceOrientationLandscapeRight UIInterfaceOrientationPortrait UIInterfaceOrientationPortraitUpsideDown";
				LD_RUNPATH_SEARCH_PATHS = (
					"$(inherited)",
					"@executable_path/Frameworks",
				);
				MARKETING_VERSION = 1.0;
				PRODUCT_BUNDLE_IDENTIFIER = com.DongHee.RXSwiftPractice;
				PRODUCT_NAME = "$(TARGET_NAME)";
				SWIFT_EMIT_LOC_STRINGS = YES;
				SWIFT_VERSION = 5.0;
				TARGETED_DEVICE_FAMILY = 1;
			};
			name = Release;
		};
/* End XCBuildConfiguration section */

/* Begin XCConfigurationList section */
		D0C64B61290C03F500088322 /* Build configuration list for PBXProject "RXSwiftPractice" */ = {
			isa = XCConfigurationList;
			buildConfigurations = (
				D0C64B78290C03F500088322 /* Debug */,
				D0C64B79290C03F500088322 /* Release */,
			);
			defaultConfigurationIsVisible = 0;
			defaultConfigurationName = Release;
		};
		D0C64B7A290C03F500088322 /* Build configuration list for PBXNativeTarget "RXSwiftPractice" */ = {
			isa = XCConfigurationList;
			buildConfigurations = (
				D0C64B7B290C03F500088322 /* Debug */,
				D0C64B7C290C03F500088322 /* Release */,
			);
			defaultConfigurationIsVisible = 0;
			defaultConfigurationName = Release;
		};
/* End XCConfigurationList section */

/* Begin XCRemoteSwiftPackageReference section */
		D08696EF290FF19800F94703 /* XCRemoteSwiftPackageReference "RxAlamofire" */ = {
			isa = XCRemoteSwiftPackageReference;
			repositoryURL = "https://github.com/RxSwiftCommunity/RxAlamofire.git";
			requirement = {
				kind = exactVersion;
				version = 6.1.2;
			};
		};
		D0C64B7D290C04A900088322 /* XCRemoteSwiftPackageReference "RxSwift" */ = {
			isa = XCRemoteSwiftPackageReference;
			repositoryURL = "https://github.com/ReactiveX/RxSwift.git";
			requirement = {
				kind = upToNextMajorVersion;
				minimumVersion = 6.0.0;
			};
		};
		D0C64B82290C04B600088322 /* XCRemoteSwiftPackageReference "Then" */ = {
			isa = XCRemoteSwiftPackageReference;
			repositoryURL = "https://github.com/devxoul/Then.git";
			requirement = {
				kind = upToNextMajorVersion;
				minimumVersion = 3.0.0;
			};
		};
		D0C64B85290C04C300088322 /* XCRemoteSwiftPackageReference "SnapKit" */ = {
			isa = XCRemoteSwiftPackageReference;
			repositoryURL = "https://github.com/SnapKit/SnapKit.git";
			requirement = {
				kind = upToNextMajorVersion;
				minimumVersion = 5.0.0;
			};
		};
		D0C7DE5C290D16DE00DF823A /* XCRemoteSwiftPackageReference "realm-swift" */ = {
			isa = XCRemoteSwiftPackageReference;
			repositoryURL = "https://github.com/realm/realm-swift.git";
			requirement = {
				branch = master;
				kind = branch;
			};
		};
		D0F84C0E2910F07900896073 /* XCRemoteSwiftPackageReference "RxDataSources" */ = {
			isa = XCRemoteSwiftPackageReference;
			repositoryURL = "https://github.com/RxSwiftCommunity/RxDataSources.git";
			requirement = {
				kind = upToNextMajorVersion;
				minimumVersion = 5.0.0;
			};
		};
/* End XCRemoteSwiftPackageReference section */

/* Begin XCSwiftPackageProductDependency section */
		D08696F0290FF19800F94703 /* RxAlamofire */ = {
			isa = XCSwiftPackageProductDependency;
			package = D08696EF290FF19800F94703 /* XCRemoteSwiftPackageReference "RxAlamofire" */;
			productName = RxAlamofire;
		};
		D0C64B7E290C04A900088322 /* RxCocoa */ = {
			isa = XCSwiftPackageProductDependency;
			package = D0C64B7D290C04A900088322 /* XCRemoteSwiftPackageReference "RxSwift" */;
			productName = RxCocoa;
		};
		D0C64B80290C04A900088322 /* RxSwift */ = {
			isa = XCSwiftPackageProductDependency;
			package = D0C64B7D290C04A900088322 /* XCRemoteSwiftPackageReference "RxSwift" */;
			productName = RxSwift;
		};
		D0C64B83290C04B600088322 /* Then */ = {
			isa = XCSwiftPackageProductDependency;
			package = D0C64B82290C04B600088322 /* XCRemoteSwiftPackageReference "Then" */;
			productName = Then;
		};
		D0C64B86290C04C300088322 /* SnapKit */ = {
			isa = XCSwiftPackageProductDependency;
			package = D0C64B85290C04C300088322 /* XCRemoteSwiftPackageReference "SnapKit" */;
			productName = SnapKit;
		};
		D0C7DE5D290D16DE00DF823A /* Realm */ = {
			isa = XCSwiftPackageProductDependency;
			package = D0C7DE5C290D16DE00DF823A /* XCRemoteSwiftPackageReference "realm-swift" */;
			productName = Realm;
		};
		D0C7DE5F290D16DE00DF823A /* RealmSwift */ = {
			isa = XCSwiftPackageProductDependency;
			package = D0C7DE5C290D16DE00DF823A /* XCRemoteSwiftPackageReference "realm-swift" */;
			productName = RealmSwift;
		};
		D0F84C0F2910F07900896073 /* Differentiator */ = {
			isa = XCSwiftPackageProductDependency;
			package = D0F84C0E2910F07900896073 /* XCRemoteSwiftPackageReference "RxDataSources" */;
			productName = Differentiator;
		};
		D0F84C112910F07900896073 /* RxDataSources */ = {
			isa = XCSwiftPackageProductDependency;
			package = D0F84C0E2910F07900896073 /* XCRemoteSwiftPackageReference "RxDataSources" */;
			productName = RxDataSources;
		};
/* End XCSwiftPackageProductDependency section */
	};
	rootObject = D0C64B5E290C03F500088322 /* Project object */;
}
